PODS:
  - Alamofire (5.8.1)
  - Drops (1.7.0)

DEPENDENCIES:
  - Alamofire
  - Drops (from `https://github.com/omaralbeik/Drops.git`, tag `1.7.0`)

SPEC REPOS:
  trunk:
    - Alamofire

EXTERNAL SOURCES:
  Drops:
    :git: https://github.com/omaralbeik/Drops.git
    :tag: 1.7.0

CHECKOUT OPTIONS:
  Drops:
    :git: https://github.com/omaralbeik/Drops.git
    :tag: 1.7.0

SPEC CHECKSUMS:
  Alamofire: 3ca42e259043ee0dc5c0cdd76c4bc568b8e42af7
  Drops: 5155b9ede54a2666b2129ac33f0734509b9f0784

PODFILE CHECKSUM: 1ffbd59117a64ab04dd720b64417cf1f1a05dd27

COCOAPODS: 1.13.0
