// !$*UTF8*$!
{
	archiveVersion = 1;
	classes = {
	};
	objectVersion = 56;
	objects = {

/* Begin PBXBuildFile section */
		9DB6ED11267C8C980369F5E5 /* Pods_Bucket.framework in Frameworks */ = {isa = PBXBuildFile; fileRef = 46EA349184A11F94B54F85C4 /* Pods_Bucket.framework */; };
		EF13B5332B1E5FE900F8A760 /* AppDelegate.swift in Sources */ = {isa = PBXBuildFile; fileRef = EF13B5322B1E5FE900F8A760 /* AppDelegate.swift */; };
		EF13B5352B1E5FE900F8A760 /* SceneDelegate.swift in Sources */ = {isa = PBXBuildFile; fileRef = EF13B5342B1E5FE900F8A760 /* SceneDelegate.swift */; };
		EF13B5372B1E5FE900F8A760 /* ViewController.swift in Sources */ = {isa = PBXBuildFile; fileRef = EF13B5362B1E5FE900F8A760 /* ViewController.swift */; };
		EF13B53A2B1E5FE900F8A760 /* Main.storyboard in Resources */ = {isa = PBXBuildFile; fileRef = EF13B5382B1E5FE900F8A760 /* Main.storyboard */; };
		EF13B53D2B1E5FE900F8A760 /* Bucket.xcdatamodeld in Sources */ = {isa = PBXBuildFile; fileRef = EF13B53B2B1E5FE900F8A760 /* Bucket.xcdatamodeld */; };
		EF13B53F2B1E5FEA00F8A760 /* Assets.xcassets in Resources */ = {isa = PBXBuildFile; fileRef = EF13B53E2B1E5FEA00F8A760 /* Assets.xcassets */; };
		EF13B5422B1E5FEA00F8A760 /* LaunchScreen.storyboard in Resources */ = {isa = PBXBuildFile; fileRef = EF13B5402B1E5FEA00F8A760 /* LaunchScreen.storyboard */; };
		EF13B54F2B1E61A200F8A760 /* Home.swift in Sources */ = {isa = PBXBuildFile; fileRef = EF13B54E2B1E61A200F8A760 /* Home.swift */; };
		EF13B5522B1E62B500F8A760 /* SingleStanding.swift in Sources */ = {isa = PBXBuildFile; fileRef = EF13B5512B1E62B500F8A760 /* SingleStanding.swift */; };
		EF94BCF32B219C92005F52C5 /* StoreHelper.swift in Sources */ = {isa = PBXBuildFile; fileRef = EF94BCF22B219C92005F52C5 /* StoreHelper.swift */; };
		EF94BCF52B22F7E8005F52C5 /* BottomNavBar.swift in Sources */ = {isa = PBXBuildFile; fileRef = EF94BCF42B22F7E8005F52C5 /* BottomNavBar.swift */; };
		EF94BCF82B22FEB6005F52C5 /* FontsManager.swift in Sources */ = {isa = PBXBuildFile; fileRef = EF94BCF72B22FEB6005F52C5 /* FontsManager.swift */; };
		EF94BCFD2B23212A005F52C5 /* circular-medium.ttf in Resources */ = {isa = PBXBuildFile; fileRef = EF94BCF92B23212A005F52C5 /* circular-medium.ttf */; };
		EF94BCFE2B23212A005F52C5 /* circular-book.ttf in Resources */ = {isa = PBXBuildFile; fileRef = EF94BCFA2B23212A005F52C5 /* circular-book.ttf */; };
		EF94BCFF2B23212A005F52C5 /* circular-bold.ttf in Resources */ = {isa = PBXBuildFile; fileRef = EF94BCFB2B23212A005F52C5 /* circular-bold.ttf */; };
		EF94BD002B23212A005F52C5 /* circular-black.ttf in Resources */ = {isa = PBXBuildFile; fileRef = EF94BCFC2B23212A005F52C5 /* circular-black.ttf */; };
		EFE48C092B278804009970F8 /* Match.swift in Sources */ = {isa = PBXBuildFile; fileRef = EFE48C082B278804009970F8 /* Match.swift */; };
		EFE48C0C2B279E3E009970F8 /* PlayerService.swift in Sources */ = {isa = PBXBuildFile; fileRef = EFE48C0B2B279E3E009970F8 /* PlayerService.swift */; };
		EFE48C0E2B279E5B009970F8 /* BaseService.swift in Sources */ = {isa = PBXBuildFile; fileRef = EFE48C0D2B279E5B009970F8 /* BaseService.swift */; };
		EFE48C102B279EBC009970F8 /* AppConstants.swift in Sources */ = {isa = PBXBuildFile; fileRef = EFE48C0F2B279EBC009970F8 /* AppConstants.swift */; };
		EFE48C142B27B028009970F8 /* players.json in Resources */ = {isa = PBXBuildFile; fileRef = EFE48C132B27B028009970F8 /* players.json */; };
		EFE48C162B27BEC6009970F8 /* SinglePlayer.swift in Sources */ = {isa = PBXBuildFile; fileRef = EFE48C152B27BEC6009970F8 /* SinglePlayer.swift */; };
		EFE48C182B28C4FE009970F8 /* LoaderView.swift in Sources */ = {isa = PBXBuildFile; fileRef = EFE48C172B28C4FE009970F8 /* LoaderView.swift */; };
		EFE48C1B2B2908DA009970F8 /* ViewObserver.swift in Sources */ = {isa = PBXBuildFile; fileRef = EFE48C1A2B2908DA009970F8 /* ViewObserver.swift */; };
		EFEBC0122B2455F100841377 /* Standings.swift in Sources */ = {isa = PBXBuildFile; fileRef = EFEBC0112B2455F100841377 /* Standings.swift */; };
		EFEBC0152B24574900841377 /* Stats.swift in Sources */ = {isa = PBXBuildFile; fileRef = EFEBC0142B24574900841377 /* Stats.swift */; };
		EFEBC0172B2457A100841377 /* Players.swift in Sources */ = {isa = PBXBuildFile; fileRef = EFEBC0162B2457A100841377 /* Players.swift */; };
		EFF152042B27216A00734211 /* Settings.swift in Sources */ = {isa = PBXBuildFile; fileRef = EFF152032B27216A00734211 /* Settings.swift */; };
		EFF152072B2721E100734211 /* Bundle+releaseString.swift in Sources */ = {isa = PBXBuildFile; fileRef = EFF152062B2721E100734211 /* Bundle+releaseString.swift */; };
		EFF1520A2B276FAF00734211 /* PlayersViewModel.swift in Sources */ = {isa = PBXBuildFile; fileRef = EFF152092B276FAF00734211 /* PlayersViewModel.swift */; };
		EFF1520C2B276FCD00734211 /* BaseViewModel.swift in Sources */ = {isa = PBXBuildFile; fileRef = EFF1520B2B276FCD00734211 /* BaseViewModel.swift */; };
		EFF1520E2B2776DE00734211 /* Color+UIColor.swift in Sources */ = {isa = PBXBuildFile; fileRef = EFF1520D2B2776DE00734211 /* Color+UIColor.swift */; };
		EFF152112B27789F00734211 /* Player.swift in Sources */ = {isa = PBXBuildFile; fileRef = EFF152102B27789F00734211 /* Player.swift */; };
		EFF152162B277C5A00734211 /* EmptyView.swift in Sources */ = {isa = PBXBuildFile; fileRef = EFF152152B277C5A00734211 /* EmptyView.swift */; };
		EFF152182B277FA000734211 /* Stat.swift in Sources */ = {isa = PBXBuildFile; fileRef = EFF152172B277FA000734211 /* Stat.swift */; };
/* End PBXBuildFile section */

/* Begin PBXFileReference section */
		46EA349184A11F94B54F85C4 /* Pods_Bucket.framework */ = {isa = PBXFileReference; explicitFileType = wrapper.framework; includeInIndex = 0; path = Pods_Bucket.framework; sourceTree = BUILT_PRODUCTS_DIR; };
		9EBD9CFA597777A10DD5EDC7 /* Pods-Bucket.release.xcconfig */ = {isa = PBXFileReference; includeInIndex = 1; lastKnownFileType = text.xcconfig; name = "Pods-Bucket.release.xcconfig"; path = "Target Support Files/Pods-Bucket/Pods-Bucket.release.xcconfig"; sourceTree = "<group>"; };
		BDB36F998402E6DE98D0FCAA /* Pods-Bucket.debug.xcconfig */ = {isa = PBXFileReference; includeInIndex = 1; lastKnownFileType = text.xcconfig; name = "Pods-Bucket.debug.xcconfig"; path = "Target Support Files/Pods-Bucket/Pods-Bucket.debug.xcconfig"; sourceTree = "<group>"; };
		EF13B52F2B1E5FE900F8A760 /* Bucket.app */ = {isa = PBXFileReference; explicitFileType = wrapper.application; includeInIndex = 0; path = Bucket.app; sourceTree = BUILT_PRODUCTS_DIR; };
		EF13B5322B1E5FE900F8A760 /* AppDelegate.swift */ = {isa = PBXFileReference; lastKnownFileType = sourcecode.swift; path = AppDelegate.swift; sourceTree = "<group>"; };
		EF13B5342B1E5FE900F8A760 /* SceneDelegate.swift */ = {isa = PBXFileReference; lastKnownFileType = sourcecode.swift; path = SceneDelegate.swift; sourceTree = "<group>"; };
		EF13B5362B1E5FE900F8A760 /* ViewController.swift */ = {isa = PBXFileReference; lastKnownFileType = sourcecode.swift; path = ViewController.swift; sourceTree = "<group>"; };
		EF13B5392B1E5FE900F8A760 /* Base */ = {isa = PBXFileReference; lastKnownFileType = file.storyboard; name = Base; path = Base.lproj/Main.storyboard; sourceTree = "<group>"; };
		EF13B53C2B1E5FE900F8A760 /* Bucket.xcdatamodel */ = {isa = PBXFileReference; lastKnownFileType = wrapper.xcdatamodel; path = Bucket.xcdatamodel; sourceTree = "<group>"; };
		EF13B53E2B1E5FEA00F8A760 /* Assets.xcassets */ = {isa = PBXFileReference; lastKnownFileType = folder.assetcatalog; path = Assets.xcassets; sourceTree = "<group>"; };
		EF13B5412B1E5FEA00F8A760 /* Base */ = {isa = PBXFileReference; lastKnownFileType = file.storyboard; name = Base; path = Base.lproj/LaunchScreen.storyboard; sourceTree = "<group>"; };
		EF13B5432B1E5FEA00F8A760 /* Bucket.entitlements */ = {isa = PBXFileReference; lastKnownFileType = text.plist.entitlements; path = Bucket.entitlements; sourceTree = "<group>"; };
		EF13B5442B1E5FEA00F8A760 /* Info.plist */ = {isa = PBXFileReference; lastKnownFileType = text.plist.xml; path = Info.plist; sourceTree = "<group>"; };
		EF13B54E2B1E61A200F8A760 /* Home.swift */ = {isa = PBXFileReference; lastKnownFileType = sourcecode.swift; path = Home.swift; sourceTree = "<group>"; };
		EF13B5512B1E62B500F8A760 /* SingleStanding.swift */ = {isa = PBXFileReference; lastKnownFileType = sourcecode.swift; path = SingleStanding.swift; sourceTree = "<group>"; };
		EF94BCF22B219C92005F52C5 /* StoreHelper.swift */ = {isa = PBXFileReference; lastKnownFileType = sourcecode.swift; path = StoreHelper.swift; sourceTree = "<group>"; };
		EF94BCF42B22F7E8005F52C5 /* BottomNavBar.swift */ = {isa = PBXFileReference; lastKnownFileType = sourcecode.swift; path = BottomNavBar.swift; sourceTree = "<group>"; };
		EF94BCF72B22FEB6005F52C5 /* FontsManager.swift */ = {isa = PBXFileReference; fileEncoding = 4; lastKnownFileType = sourcecode.swift; path = FontsManager.swift; sourceTree = "<group>"; };
		EF94BCF92B23212A005F52C5 /* circular-medium.ttf */ = {isa = PBXFileReference; lastKnownFileType = file; path = "circular-medium.ttf"; sourceTree = "<group>"; };
		EF94BCFA2B23212A005F52C5 /* circular-book.ttf */ = {isa = PBXFileReference; lastKnownFileType = file; path = "circular-book.ttf"; sourceTree = "<group>"; };
		EF94BCFB2B23212A005F52C5 /* circular-bold.ttf */ = {isa = PBXFileReference; lastKnownFileType = file; path = "circular-bold.ttf"; sourceTree = "<group>"; };
		EF94BCFC2B23212A005F52C5 /* circular-black.ttf */ = {isa = PBXFileReference; lastKnownFileType = file; path = "circular-black.ttf"; sourceTree = "<group>"; };
		EFE48C082B278804009970F8 /* Match.swift */ = {isa = PBXFileReference; lastKnownFileType = sourcecode.swift; path = Match.swift; sourceTree = "<group>"; };
		EFE48C0B2B279E3E009970F8 /* PlayerService.swift */ = {isa = PBXFileReference; lastKnownFileType = sourcecode.swift; path = PlayerService.swift; sourceTree = "<group>"; };
		EFE48C0D2B279E5B009970F8 /* BaseService.swift */ = {isa = PBXFileReference; lastKnownFileType = sourcecode.swift; path = BaseService.swift; sourceTree = "<group>"; };
		EFE48C0F2B279EBC009970F8 /* AppConstants.swift */ = {isa = PBXFileReference; lastKnownFileType = sourcecode.swift; path = AppConstants.swift; sourceTree = "<group>"; };
		EFE48C132B27B028009970F8 /* players.json */ = {isa = PBXFileReference; lastKnownFileType = text.json; path = players.json; sourceTree = "<group>"; };
		EFE48C152B27BEC6009970F8 /* SinglePlayer.swift */ = {isa = PBXFileReference; lastKnownFileType = sourcecode.swift; path = SinglePlayer.swift; sourceTree = "<group>"; };
		EFE48C172B28C4FE009970F8 /* LoaderView.swift */ = {isa = PBXFileReference; lastKnownFileType = sourcecode.swift; path = LoaderView.swift; sourceTree = "<group>"; };
		EFE48C1A2B2908DA009970F8 /* ViewObserver.swift */ = {isa = PBXFileReference; lastKnownFileType = sourcecode.swift; path = ViewObserver.swift; sourceTree = "<group>"; };
		EFEBC0112B2455F100841377 /* Standings.swift */ = {isa = PBXFileReference; lastKnownFileType = sourcecode.swift; path = Standings.swift; sourceTree = "<group>"; };
		EFEBC0142B24574900841377 /* Stats.swift */ = {isa = PBXFileReference; lastKnownFileType = sourcecode.swift; path = Stats.swift; sourceTree = "<group>"; };
		EFEBC0162B2457A100841377 /* Players.swift */ = {isa = PBXFileReference; lastKnownFileType = sourcecode.swift; path = Players.swift; sourceTree = "<group>"; };
		EFF152032B27216A00734211 /* Settings.swift */ = {isa = PBXFileReference; lastKnownFileType = sourcecode.swift; path = Settings.swift; sourceTree = "<group>"; };
		EFF152062B2721E100734211 /* Bundle+releaseString.swift */ = {isa = PBXFileReference; lastKnownFileType = sourcecode.swift; path = "Bundle+releaseString.swift"; sourceTree = "<group>"; };
		EFF152092B276FAF00734211 /* PlayersViewModel.swift */ = {isa = PBXFileReference; lastKnownFileType = sourcecode.swift; path = PlayersViewModel.swift; sourceTree = "<group>"; };
		EFF1520B2B276FCD00734211 /* BaseViewModel.swift */ = {isa = PBXFileReference; lastKnownFileType = sourcecode.swift; path = BaseViewModel.swift; sourceTree = "<group>"; };
		EFF1520D2B2776DE00734211 /* Color+UIColor.swift */ = {isa = PBXFileReference; lastKnownFileType = sourcecode.swift; path = "Color+UIColor.swift"; sourceTree = "<group>"; };
		EFF152102B27789F00734211 /* Player.swift */ = {isa = PBXFileReference; lastKnownFileType = sourcecode.swift; path = Player.swift; sourceTree = "<group>"; };
		EFF152152B277C5A00734211 /* EmptyView.swift */ = {isa = PBXFileReference; lastKnownFileType = sourcecode.swift; path = EmptyView.swift; sourceTree = "<group>"; };
		EFF152172B277FA000734211 /* Stat.swift */ = {isa = PBXFileReference; lastKnownFileType = sourcecode.swift; path = Stat.swift; sourceTree = "<group>"; };
/* End PBXFileReference section */

/* Begin PBXFrameworksBuildPhase section */
		EF13B52C2B1E5FE800F8A760 /* Frameworks */ = {
			isa = PBXFrameworksBuildPhase;
			buildActionMask = 2147483647;
			files = (
				9DB6ED11267C8C980369F5E5 /* Pods_Bucket.framework in Frameworks */,
			);
			runOnlyForDeploymentPostprocessing = 0;
		};
/* End PBXFrameworksBuildPhase section */

/* Begin PBXGroup section */
		77256450C75991BA5D2D50F6 /* Pods */ = {
			isa = PBXGroup;
			children = (
				BDB36F998402E6DE98D0FCAA /* Pods-Bucket.debug.xcconfig */,
				9EBD9CFA597777A10DD5EDC7 /* Pods-Bucket.release.xcconfig */,
			);
			path = Pods;
			sourceTree = "<group>";
		};
		D359150E9098F8021AEBDDBC /* Frameworks */ = {
			isa = PBXGroup;
			children = (
				46EA349184A11F94B54F85C4 /* Pods_Bucket.framework */,
			);
			name = Frameworks;
			sourceTree = "<group>";
		};
		EF13B5262B1E5FE800F8A760 = {
			isa = PBXGroup;
			children = (
				EFE48C132B27B028009970F8 /* players.json */,
				EF13B5312B1E5FE900F8A760 /* Bucket */,
				EF13B5302B1E5FE900F8A760 /* Products */,
				77256450C75991BA5D2D50F6 /* Pods */,
				D359150E9098F8021AEBDDBC /* Frameworks */,
			);
			sourceTree = "<group>";
		};
		EF13B5302B1E5FE900F8A760 /* Products */ = {
			isa = PBXGroup;
			children = (
				EF13B52F2B1E5FE900F8A760 /* Bucket.app */,
			);
			name = Products;
			sourceTree = "<group>";
		};
		EF13B5312B1E5FE900F8A760 /* Bucket */ = {
			isa = PBXGroup;
			children = (
				EF13B54C2B1E617E00F8A760 /* Core */,
				EF13B54B2B1E617800F8A760 /* Delegates */,
				EF94BCF62B22FE76005F52C5 /* Fonts */,
				EFF152052B2721CF00734211 /* Extensions */,
				EFE48C192B29089B009970F8 /* Observables */,
				EFF1520F2B2777D600734211 /* Models */,
				EFF152082B276F9D00734211 /* ViewModels */,
				EF13B54A2B1E617200F8A760 /* Screens */,
				EF13B54D2B1E618900F8A760 /* Storyboard */,
				EF13B53E2B1E5FEA00F8A760 /* Assets.xcassets */,
				EF13B5402B1E5FEA00F8A760 /* LaunchScreen.storyboard */,
				EF13B5432B1E5FEA00F8A760 /* Bucket.entitlements */,
				EF13B5442B1E5FEA00F8A760 /* Info.plist */,
			);
			path = Bucket;
			sourceTree = "<group>";
		};
		EF13B54A2B1E617200F8A760 /* Screens */ = {
			isa = PBXGroup;
			children = (
				EF13B5502B1E62AA00F8A760 /* Views */,
				EF13B54E2B1E61A200F8A760 /* Home.swift */,
				EFF152032B27216A00734211 /* Settings.swift */,
			);
			path = Screens;
			sourceTree = "<group>";
		};
		EF13B54B2B1E617800F8A760 /* Delegates */ = {
			isa = PBXGroup;
			children = (
				EF13B5322B1E5FE900F8A760 /* AppDelegate.swift */,
				EF13B5342B1E5FE900F8A760 /* SceneDelegate.swift */,
			);
			path = Delegates;
			sourceTree = "<group>";
		};
		EF13B54C2B1E617E00F8A760 /* Core */ = {
			isa = PBXGroup;
			children = (
				EFE48C0A2B279CD9009970F8 /* Network */,
				EF94BCF12B219C79005F52C5 /* DB */,
				EFE48C0F2B279EBC009970F8 /* AppConstants.swift */,
			);
			path = Core;
			sourceTree = "<group>";
		};
		EF13B54D2B1E618900F8A760 /* Storyboard */ = {
			isa = PBXGroup;
			children = (
				EF13B5362B1E5FE900F8A760 /* ViewController.swift */,
				EF13B5382B1E5FE900F8A760 /* Main.storyboard */,
			);
			path = Storyboard;
			sourceTree = "<group>";
		};
		EF13B5502B1E62AA00F8A760 /* Views */ = {
			isa = PBXGroup;
			children = (
				EFEBC0132B24573B00841377 /* Sections */,
				EF13B5512B1E62B500F8A760 /* SingleStanding.swift */,
				EF94BCF42B22F7E8005F52C5 /* BottomNavBar.swift */,
				EFF152152B277C5A00734211 /* EmptyView.swift */,
				EFE48C152B27BEC6009970F8 /* SinglePlayer.swift */,
				EFE48C172B28C4FE009970F8 /* LoaderView.swift */,
			);
			path = Views;
			sourceTree = "<group>";
		};
		EF94BCF12B219C79005F52C5 /* DB */ = {
			isa = PBXGroup;
			children = (
				EF13B53B2B1E5FE900F8A760 /* Bucket.xcdatamodeld */,
				EF94BCF22B219C92005F52C5 /* StoreHelper.swift */,
			);
			path = DB;
			sourceTree = "<group>";
		};
		EF94BCF62B22FE76005F52C5 /* Fonts */ = {
			isa = PBXGroup;
			children = (
				EF94BCFC2B23212A005F52C5 /* circular-black.ttf */,
				EF94BCFB2B23212A005F52C5 /* circular-bold.ttf */,
				EF94BCFA2B23212A005F52C5 /* circular-book.ttf */,
				EF94BCF92B23212A005F52C5 /* circular-medium.ttf */,
				EF94BCF72B22FEB6005F52C5 /* FontsManager.swift */,
			);
			path = Fonts;
			sourceTree = "<group>";
		};
		EFE48C0A2B279CD9009970F8 /* Network */ = {
			isa = PBXGroup;
			children = (
				EFE48C0B2B279E3E009970F8 /* PlayerService.swift */,
				EFE48C0D2B279E5B009970F8 /* BaseService.swift */,
			);
			path = Network;
			sourceTree = "<group>";
		};
		EFE48C192B29089B009970F8 /* Observables */ = {
			isa = PBXGroup;
			children = (
				EFE48C1A2B2908DA009970F8 /* ViewObserver.swift */,
			);
			path = Observables;
			sourceTree = "<group>";
		};
		EFEBC0132B24573B00841377 /* Sections */ = {
			isa = PBXGroup;
			children = (
				EFEBC0112B2455F100841377 /* Standings.swift */,
				EFEBC0142B24574900841377 /* Stats.swift */,
				EFEBC0162B2457A100841377 /* Players.swift */,
			);
			path = Sections;
			sourceTree = "<group>";
		};
		EFF152052B2721CF00734211 /* Extensions */ = {
			isa = PBXGroup;
			children = (
				EFF152062B2721E100734211 /* Bundle+releaseString.swift */,
				EFF1520D2B2776DE00734211 /* Color+UIColor.swift */,
			);
			path = Extensions;
			sourceTree = "<group>";
		};
		EFF152082B276F9D00734211 /* ViewModels */ = {
			isa = PBXGroup;
			children = (
				EFF152092B276FAF00734211 /* PlayersViewModel.swift */,
				EFF1520B2B276FCD00734211 /* BaseViewModel.swift */,
			);
			path = ViewModels;
			sourceTree = "<group>";
		};
		EFF1520F2B2777D600734211 /* Models */ = {
			isa = PBXGroup;
			children = (
				EFF152102B27789F00734211 /* Player.swift */,
				EFF152172B277FA000734211 /* Stat.swift */,
				EFE48C082B278804009970F8 /* Match.swift */,
			);
			path = Models;
			sourceTree = "<group>";
		};
/* End PBXGroup section */

/* Begin PBXNativeTarget section */
		EF13B52E2B1E5FE800F8A760 /* Bucket */ = {
			isa = PBXNativeTarget;
			buildConfigurationList = EF13B5472B1E5FEA00F8A760 /* Build configuration list for PBXNativeTarget "Bucket" */;
			buildPhases = (
				53A3F0020B1EAD53FF3A89A2 /* [CP] Check Pods Manifest.lock */,
				EF13B52B2B1E5FE800F8A760 /* Sources */,
				EF13B52C2B1E5FE800F8A760 /* Frameworks */,
				EF13B52D2B1E5FE800F8A760 /* Resources */,
				991374767B149DCECBF34A56 /* [CP] Embed Pods Frameworks */,
			);
			buildRules = (
			);
			dependencies = (
			);
			name = Bucket;
			productName = Bucket;
			productReference = EF13B52F2B1E5FE900F8A760 /* Bucket.app */;
			productType = "com.apple.product-type.application";
		};
/* End PBXNativeTarget section */

/* Begin PBXProject section */
		EF13B5272B1E5FE800F8A760 /* Project object */ = {
			isa = PBXProject;
			attributes = {
				BuildIndependentTargetsInParallel = 1;
				LastSwiftUpdateCheck = 1500;
				LastUpgradeCheck = 1500;
				TargetAttributes = {
					EF13B52E2B1E5FE800F8A760 = {
						CreatedOnToolsVersion = 15.0;
					};
				};
			};
			buildConfigurationList = EF13B52A2B1E5FE800F8A760 /* Build configuration list for PBXProject "Bucket" */;
			compatibilityVersion = "Xcode 14.0";
			developmentRegion = en;
			hasScannedForEncodings = 0;
			knownRegions = (
				en,
				Base,
			);
			mainGroup = EF13B5262B1E5FE800F8A760;
			productRefGroup = EF13B5302B1E5FE900F8A760 /* Products */;
			projectDirPath = "";
			projectRoot = "";
			targets = (
				EF13B52E2B1E5FE800F8A760 /* Bucket */,
			);
		};
/* End PBXProject section */

/* Begin PBXResourcesBuildPhase section */
		EF13B52D2B1E5FE800F8A760 /* Resources */ = {
			isa = PBXResourcesBuildPhase;
			buildActionMask = 2147483647;
			files = (
				EFE48C142B27B028009970F8 /* players.json in Resources */,
				EF94BCFE2B23212A005F52C5 /* circular-book.ttf in Resources */,
				EF13B5422B1E5FEA00F8A760 /* LaunchScreen.storyboard in Resources */,
				EF13B53F2B1E5FEA00F8A760 /* Assets.xcassets in Resources */,
				EF94BD002B23212A005F52C5 /* circular-black.ttf in Resources */,
				EF94BCFD2B23212A005F52C5 /* circular-medium.ttf in Resources */,
				EF94BCFF2B23212A005F52C5 /* circular-bold.ttf in Resources */,
				EF13B53A2B1E5FE900F8A760 /* Main.storyboard in Resources */,
			);
			runOnlyForDeploymentPostprocessing = 0;
		};
/* End PBXResourcesBuildPhase section */

/* Begin PBXShellScriptBuildPhase section */
		53A3F0020B1EAD53FF3A89A2 /* [CP] Check Pods Manifest.lock */ = {
			isa = PBXShellScriptBuildPhase;
			buildActionMask = 2147483647;
			files = (
			);
			inputFileListPaths = (
			);
			inputPaths = (
				"${PODS_PODFILE_DIR_PATH}/Podfile.lock",
				"${PODS_ROOT}/Manifest.lock",
			);
			name = "[CP] Check Pods Manifest.lock";
			outputFileListPaths = (
			);
			outputPaths = (
				"$(DERIVED_FILE_DIR)/Pods-Bucket-checkManifestLockResult.txt",
			);
			runOnlyForDeploymentPostprocessing = 0;
			shellPath = /bin/sh;
			shellScript = "diff \"${PODS_PODFILE_DIR_PATH}/Podfile.lock\" \"${PODS_ROOT}/Manifest.lock\" > /dev/null\nif [ $? != 0 ] ; then\n    # print error to STDERR\n    echo \"error: The sandbox is not in sync with the Podfile.lock. Run 'pod install' or update your CocoaPods installation.\" >&2\n    exit 1\nfi\n# This output is used by Xcode 'outputs' to avoid re-running this script phase.\necho \"SUCCESS\" > \"${SCRIPT_OUTPUT_FILE_0}\"\n";
			showEnvVarsInLog = 0;
		};
		991374767B149DCECBF34A56 /* [CP] Embed Pods Frameworks */ = {
			isa = PBXShellScriptBuildPhase;
			buildActionMask = 2147483647;
			files = (
			);
			inputFileListPaths = (
				"${PODS_ROOT}/Target Support Files/Pods-Bucket/Pods-Bucket-frameworks-${CONFIGURATION}-input-files.xcfilelist",
			);
			name = "[CP] Embed Pods Frameworks";
			outputFileListPaths = (
				"${PODS_ROOT}/Target Support Files/Pods-Bucket/Pods-Bucket-frameworks-${CONFIGURATION}-output-files.xcfilelist",
			);
			runOnlyForDeploymentPostprocessing = 0;
			shellPath = /bin/sh;
			shellScript = "\"${PODS_ROOT}/Target Support Files/Pods-Bucket/Pods-Bucket-frameworks.sh\"\n";
			showEnvVarsInLog = 0;
		};
/* End PBXShellScriptBuildPhase section */

/* Begin PBXSourcesBuildPhase section */
		EF13B52B2B1E5FE800F8A760 /* Sources */ = {
			isa = PBXSourcesBuildPhase;
			buildActionMask = 2147483647;
			files = (
				EFEBC0172B2457A100841377 /* Players.swift in Sources */,
				EFF152182B277FA000734211 /* Stat.swift in Sources */,
				EF13B5372B1E5FE900F8A760 /* ViewController.swift in Sources */,
				EFE48C1B2B2908DA009970F8 /* ViewObserver.swift in Sources */,
				EFE48C182B28C4FE009970F8 /* LoaderView.swift in Sources */,
				EFF152072B2721E100734211 /* Bundle+releaseString.swift in Sources */,
				EFE48C0E2B279E5B009970F8 /* BaseService.swift in Sources */,
				EFF152042B27216A00734211 /* Settings.swift in Sources */,
				EFF1520E2B2776DE00734211 /* Color+UIColor.swift in Sources */,
				EFF152162B277C5A00734211 /* EmptyView.swift in Sources */,
				EFEBC0152B24574900841377 /* Stats.swift in Sources */,
				EFF1520C2B276FCD00734211 /* BaseViewModel.swift in Sources */,
				EF13B53D2B1E5FE900F8A760 /* Bucket.xcdatamodeld in Sources */,
				EF13B54F2B1E61A200F8A760 /* Home.swift in Sources */,
				EFEBC0122B2455F100841377 /* Standings.swift in Sources */,
				EF13B5522B1E62B500F8A760 /* SingleStanding.swift in Sources */,
				EF94BCF52B22F7E8005F52C5 /* BottomNavBar.swift in Sources */,
				EF13B5332B1E5FE900F8A760 /* AppDelegate.swift in Sources */,
				EFE48C162B27BEC6009970F8 /* SinglePlayer.swift in Sources */,
				EF94BCF82B22FEB6005F52C5 /* FontsManager.swift in Sources */,
				EFF1520A2B276FAF00734211 /* PlayersViewModel.swift in Sources */,
				EF94BCF32B219C92005F52C5 /* StoreHelper.swift in Sources */,
				EFE48C102B279EBC009970F8 /* AppConstants.swift in Sources */,
				EFE48C0C2B279E3E009970F8 /* PlayerService.swift in Sources */,
				EFF152112B27789F00734211 /* Player.swift in Sources */,
				EF13B5352B1E5FE900F8A760 /* SceneDelegate.swift in Sources */,
				EFE48C092B278804009970F8 /* Match.swift in Sources */,
			);
			runOnlyForDeploymentPostprocessing = 0;
		};
/* End PBXSourcesBuildPhase section */

/* Begin PBXVariantGroup section */
		EF13B5382B1E5FE900F8A760 /* Main.storyboard */ = {
			isa = PBXVariantGroup;
			children = (
				EF13B5392B1E5FE900F8A760 /* Base */,
			);
			name = Main.storyboard;
			sourceTree = "<group>";
		};
		EF13B5402B1E5FEA00F8A760 /* LaunchScreen.storyboard */ = {
			isa = PBXVariantGroup;
			children = (
				EF13B5412B1E5FEA00F8A760 /* Base */,
			);
			name = LaunchScreen.storyboard;
			sourceTree = "<group>";
		};
/* End PBXVariantGroup section */

/* Begin XCBuildConfiguration section */
		EF13B5452B1E5FEA00F8A760 /* Debug */ = {
			isa = XCBuildConfiguration;
			buildSettings = {
				ALWAYS_SEARCH_USER_PATHS = NO;
				ASSETCATALOG_COMPILER_GENERATE_SWIFT_ASSET_SYMBOL_EXTENSIONS = YES;
				CLANG_ANALYZER_NONNULL = YES;
				CLANG_ANALYZER_NUMBER_OBJECT_CONVERSION = YES_AGGRESSIVE;
				CLANG_CXX_LANGUAGE_STANDARD = "gnu++20";
				CLANG_ENABLE_MODULES = YES;
				CLANG_ENABLE_OBJC_ARC = YES;
				CLANG_ENABLE_OBJC_WEAK = YES;
				CLANG_WARN_BLOCK_CAPTURE_AUTORELEASING = YES;
				CLANG_WARN_BOOL_CONVERSION = YES;
				CLANG_WARN_COMMA = YES;
				CLANG_WARN_CONSTANT_CONVERSION = YES;
				CLANG_WARN_DEPRECATED_OBJC_IMPLEMENTATIONS = YES;
				CLANG_WARN_DIRECT_OBJC_ISA_USAGE = YES_ERROR;
				CLANG_WARN_DOCUMENTATION_COMMENTS = YES;
				CLANG_WARN_EMPTY_BODY = YES;
				CLANG_WARN_ENUM_CONVERSION = YES;
				CLANG_WARN_INFINITE_RECURSION = YES;
				CLANG_WARN_INT_CONVERSION = YES;
				CLANG_WARN_NON_LITERAL_NULL_CONVERSION = YES;
				CLANG_WARN_OBJC_IMPLICIT_RETAIN_SELF = YES;
				CLANG_WARN_OBJC_LITERAL_CONVERSION = YES;
				CLANG_WARN_OBJC_ROOT_CLASS = YES_ERROR;
				CLANG_WARN_QUOTED_INCLUDE_IN_FRAMEWORK_HEADER = YES;
				CLANG_WARN_RANGE_LOOP_ANALYSIS = YES;
				CLANG_WARN_STRICT_PROTOTYPES = YES;
				CLANG_WARN_SUSPICIOUS_MOVE = YES;
				CLANG_WARN_UNGUARDED_AVAILABILITY = YES_AGGRESSIVE;
				CLANG_WARN_UNREACHABLE_CODE = YES;
				CLANG_WARN__DUPLICATE_METHOD_MATCH = YES;
				COPY_PHASE_STRIP = NO;
				DEBUG_INFORMATION_FORMAT = dwarf;
				ENABLE_STRICT_OBJC_MSGSEND = YES;
				ENABLE_TESTABILITY = YES;
				ENABLE_USER_SCRIPT_SANDBOXING = YES;
				GCC_C_LANGUAGE_STANDARD = gnu17;
				GCC_DYNAMIC_NO_PIC = NO;
				GCC_NO_COMMON_BLOCKS = YES;
				GCC_OPTIMIZATION_LEVEL = 0;
				GCC_PREPROCESSOR_DEFINITIONS = (
					"DEBUG=1",
					"$(inherited)",
				);
				GCC_WARN_64_TO_32_BIT_CONVERSION = YES;
				GCC_WARN_ABOUT_RETURN_TYPE = YES_ERROR;
				GCC_WARN_UNDECLARED_SELECTOR = YES;
				GCC_WARN_UNINITIALIZED_AUTOS = YES_AGGRESSIVE;
				GCC_WARN_UNUSED_FUNCTION = YES;
				GCC_WARN_UNUSED_VARIABLE = YES;
				IPHONEOS_DEPLOYMENT_TARGET = 17.0;
				LOCALIZATION_PREFERS_STRING_CATALOGS = YES;
				MTL_ENABLE_DEBUG_INFO = INCLUDE_SOURCE;
				MTL_FAST_MATH = YES;
				ONLY_ACTIVE_ARCH = YES;
				SDKROOT = iphoneos;
				SWIFT_ACTIVE_COMPILATION_CONDITIONS = "DEBUG $(inherited)";
				SWIFT_OPTIMIZATION_LEVEL = "-Onone";
			};
			name = Debug;
		};
		EF13B5462B1E5FEA00F8A760 /* Release */ = {
			isa = XCBuildConfiguration;
			buildSettings = {
				ALWAYS_SEARCH_USER_PATHS = NO;
				ASSETCATALOG_COMPILER_GENERATE_SWIFT_ASSET_SYMBOL_EXTENSIONS = YES;
				CLANG_ANALYZER_NONNULL = YES;
				CLANG_ANALYZER_NUMBER_OBJECT_CONVERSION = YES_AGGRESSIVE;
				CLANG_CXX_LANGUAGE_STANDARD = "gnu++20";
				CLANG_ENABLE_MODULES = YES;
				CLANG_ENABLE_OBJC_ARC = YES;
				CLANG_ENABLE_OBJC_WEAK = YES;
				CLANG_WARN_BLOCK_CAPTURE_AUTORELEASING = YES;
				CLANG_WARN_BOOL_CONVERSION = YES;
				CLANG_WARN_COMMA = YES;
				CLANG_WARN_CONSTANT_CONVERSION = YES;
				CLANG_WARN_DEPRECATED_OBJC_IMPLEMENTATIONS = YES;
				CLANG_WARN_DIRECT_OBJC_ISA_USAGE = YES_ERROR;
				CLANG_WARN_DOCUMENTATION_COMMENTS = YES;
				CLANG_WARN_EMPTY_BODY = YES;
				CLANG_WARN_ENUM_CONVERSION = YES;
				CLANG_WARN_INFINITE_RECURSION = YES;
				CLANG_WARN_INT_CONVERSION = YES;
				CLANG_WARN_NON_LITERAL_NULL_CONVERSION = YES;
				CLANG_WARN_OBJC_IMPLICIT_RETAIN_SELF = YES;
				CLANG_WARN_OBJC_LITERAL_CONVERSION = YES;
				CLANG_WARN_OBJC_ROOT_CLASS = YES_ERROR;
				CLANG_WARN_QUOTED_INCLUDE_IN_FRAMEWORK_HEADER = YES;
				CLANG_WARN_RANGE_LOOP_ANALYSIS = YES;
				CLANG_WARN_STRICT_PROTOTYPES = YES;
				CLANG_WARN_SUSPICIOUS_MOVE = YES;
				CLANG_WARN_UNGUARDED_AVAILABILITY = YES_AGGRESSIVE;
				CLANG_WARN_UNREACHABLE_CODE = YES;
				CLANG_WARN__DUPLICATE_METHOD_MATCH = YES;
				COPY_PHASE_STRIP = NO;
				DEBUG_INFORMATION_FORMAT = "dwarf-with-dsym";
				ENABLE_NS_ASSERTIONS = NO;
				ENABLE_STRICT_OBJC_MSGSEND = YES;
				ENABLE_USER_SCRIPT_SANDBOXING = YES;
				GCC_C_LANGUAGE_STANDARD = gnu17;
				GCC_NO_COMMON_BLOCKS = YES;
				GCC_WARN_64_TO_32_BIT_CONVERSION = YES;
				GCC_WARN_ABOUT_RETURN_TYPE = YES_ERROR;
				GCC_WARN_UNDECLARED_SELECTOR = YES;
				GCC_WARN_UNINITIALIZED_AUTOS = YES_AGGRESSIVE;
				GCC_WARN_UNUSED_FUNCTION = YES;
				GCC_WARN_UNUSED_VARIABLE = YES;
				IPHONEOS_DEPLOYMENT_TARGET = 17.0;
				LOCALIZATION_PREFERS_STRING_CATALOGS = YES;
				MTL_ENABLE_DEBUG_INFO = NO;
				MTL_FAST_MATH = YES;
				SDKROOT = iphoneos;
				SWIFT_COMPILATION_MODE = wholemodule;
				VALIDATE_PRODUCT = YES;
			};
			name = Release;
		};
		EF13B5482B1E5FEA00F8A760 /* Debug */ = {
			isa = XCBuildConfiguration;
			baseConfigurationReference = BDB36F998402E6DE98D0FCAA /* Pods-Bucket.debug.xcconfig */;
			buildSettings = {
				ASSETCATALOG_COMPILER_APPICON_NAME = AppIcon;
				ASSETCATALOG_COMPILER_GLOBAL_ACCENT_COLOR_NAME = AccentColor;
				CODE_SIGN_ENTITLEMENTS = Bucket/Bucket.entitlements;
				CODE_SIGN_STYLE = Automatic;
				CURRENT_PROJECT_VERSION = 1;
				DEVELOPMENT_TEAM = KPGYDGPJU8;
				ENABLE_USER_SCRIPT_SANDBOXING = NO;
				GENERATE_INFOPLIST_FILE = YES;
				INFOPLIST_FILE = Bucket/Info.plist;
				INFOPLIST_KEY_UIApplicationSupportsIndirectInputEvents = YES;
				INFOPLIST_KEY_UILaunchStoryboardName = LaunchScreen;
				INFOPLIST_KEY_UIMainStoryboardFile = Main;
				INFOPLIST_KEY_UISupportedInterfaceOrientations = "UIInterfaceOrientationLandscapeLeft UIInterfaceOrientationLandscapeRight UIInterfaceOrientationPortrait";
				INFOPLIST_KEY_UISupportedInterfaceOrientations_iPad = "UIInterfaceOrientationLandscapeLeft UIInterfaceOrientationLandscapeRight";
				IPHONEOS_DEPLOYMENT_TARGET = 16.0;
				LD_RUNPATH_SEARCH_PATHS = (
					"$(inherited)",
					"@executable_path/Frameworks",
				);
				MARKETING_VERSION = 1.0;
				PRODUCT_BUNDLE_IDENTIFIER = com.ephod.app.Bucket;
				PRODUCT_NAME = "$(TARGET_NAME)";
				SWIFT_EMIT_LOC_STRINGS = YES;
				SWIFT_VERSION = 5.0;
				TARGETED_DEVICE_FAMILY = "1,2";
			};
			name = Debug;
		};
		EF13B5492B1E5FEA00F8A760 /* Release */ = {
			isa = XCBuildConfiguration;
			baseConfigurationReference = 9EBD9CFA597777A10DD5EDC7 /* Pods-Bucket.release.xcconfig */;
			buildSettings = {
				ASSETCATALOG_COMPILER_APPICON_NAME = AppIcon;
				ASSETCATALOG_COMPILER_GLOBAL_ACCENT_COLOR_NAME = AccentColor;
				CODE_SIGN_ENTITLEMENTS = Bucket/Bucket.entitlements;
				CODE_SIGN_STYLE = Automatic;
				CURRENT_PROJECT_VERSION = 1;
				DEVELOPMENT_TEAM = KPGYDGPJU8;
				ENABLE_USER_SCRIPT_SANDBOXING = NO;
				GENERATE_INFOPLIST_FILE = YES;
				INFOPLIST_FILE = Bucket/Info.plist;
				INFOPLIST_KEY_UIApplicationSupportsIndirectInputEvents = YES;
				INFOPLIST_KEY_UILaunchStoryboardName = LaunchScreen;
				INFOPLIST_KEY_UIMainStoryboardFile = Main;
				INFOPLIST_KEY_UISupportedInterfaceOrientations = "UIInterfaceOrientationLandscapeLeft UIInterfaceOrientationLandscapeRight UIInterfaceOrientationPortrait";
				INFOPLIST_KEY_UISupportedInterfaceOrientations_iPad = "UIInterfaceOrientationLandscapeLeft UIInterfaceOrientationLandscapeRight";
				IPHONEOS_DEPLOYMENT_TARGET = 16.0;
				LD_RUNPATH_SEARCH_PATHS = (
					"$(inherited)",
					"@executable_path/Frameworks",
				);
				MARKETING_VERSION = 1.0;
				PRODUCT_BUNDLE_IDENTIFIER = com.ephod.app.Bucket;
				PRODUCT_NAME = "$(TARGET_NAME)";
				SWIFT_EMIT_LOC_STRINGS = YES;
				SWIFT_VERSION = 5.0;
				TARGETED_DEVICE_FAMILY = "1,2";
			};
			name = Release;
		};
/* End XCBuildConfiguration section */

/* Begin XCConfigurationList section */
		EF13B52A2B1E5FE800F8A760 /* Build configuration list for PBXProject "Bucket" */ = {
			isa = XCConfigurationList;
			buildConfigurations = (
				EF13B5452B1E5FEA00F8A760 /* Debug */,
				EF13B5462B1E5FEA00F8A760 /* Release */,
			);
			defaultConfigurationIsVisible = 0;
			defaultConfigurationName = Release;
		};
		EF13B5472B1E5FEA00F8A760 /* Build configuration list for PBXNativeTarget "Bucket" */ = {
			isa = XCConfigurationList;
			buildConfigurations = (
				EF13B5482B1E5FEA00F8A760 /* Debug */,
				EF13B5492B1E5FEA00F8A760 /* Release */,
			);
			defaultConfigurationIsVisible = 0;
			defaultConfigurationName = Release;
		};
/* End XCConfigurationList section */

/* Begin XCVersionGroup section */
		EF13B53B2B1E5FE900F8A760 /* Bucket.xcdatamodeld */ = {
			isa = XCVersionGroup;
			children = (
				EF13B53C2B1E5FE900F8A760 /* Bucket.xcdatamodel */,
			);
			currentVersion = EF13B53C2B1E5FE900F8A760 /* Bucket.xcdatamodel */;
			path = Bucket.xcdatamodeld;
			sourceTree = "<group>";
			versionGroupType = wrapper.xcdatamodel;
		};
/* End XCVersionGroup section */
	};
	rootObject = EF13B5272B1E5FE800F8A760 /* Project object */;
}
